// !$*UTF8*$!
{
	archiveVersion = 1;
	classes = {
	};
	objectVersion = 56;
	objects = {

/* Begin PBXBuildFile section */
		100000000000000000000101 /* HandrailApp.swift in Sources */ = {isa = PBXBuildFile; fileRef = 100000000000000000000001 /* HandrailApp.swift */; };
		100000000000000000000102 /* HandrailModels.swift in Sources */ = {isa = PBXBuildFile; fileRef = 100000000000000000000002 /* HandrailModels.swift */; };
		100000000000000000000103 /* HandrailMessages.swift in Sources */ = {isa = PBXBuildFile; fileRef = 100000000000000000000003 /* HandrailMessages.swift */; };
		100000000000000000000104 /* HandrailWebSocketClient.swift in Sources */ = {isa = PBXBuildFile; fileRef = 100000000000000000000004 /* HandrailWebSocketClient.swift */; };
		100000000000000000000105 /* HandrailStore.swift in Sources */ = {isa = PBXBuildFile; fileRef = 100000000000000000000005 /* HandrailStore.swift */; };
		100000000000000000000106 /* Formatters.swift in Sources */ = {isa = PBXBuildFile; fileRef = 100000000000000000000006 /* Formatters.swift */; };
		100000000000000000000107 /* RootView.swift in Sources */ = {isa = PBXBuildFile; fileRef = 100000000000000000000007 /* RootView.swift */; };
		100000000000000000000108 /* Components.swift in Sources */ = {isa = PBXBuildFile; fileRef = 100000000000000000000008 /* Components.swift */; };
		100000000000000000000109 /* ChatsView.swift in Sources */ = {isa = PBXBuildFile; fileRef = 100000000000000000000009 /* ChatsView.swift */; };
		10000000000000000000010A /* ChatDetailView.swift in Sources */ = {isa = PBXBuildFile; fileRef = 10000000000000000000000A /* ChatDetailView.swift */; };
		10000000000000000000010B /* ApprovalRequiredView.swift in Sources */ = {isa = PBXBuildFile; fileRef = 10000000000000000000000B /* ApprovalRequiredView.swift */; };
		10000000000000000000010C /* ActivityView.swift in Sources */ = {isa = PBXBuildFile; fileRef = 10000000000000000000000C /* ActivityView.swift */; };
		10000000000000000000010D /* NotificationsView.swift in Sources */ = {isa = PBXBuildFile; fileRef = 10000000000000000000000D /* NotificationsView.swift */; };
		10000000000000000000010E /* SettingsView.swift in Sources */ = {isa = PBXBuildFile; fileRef = 10000000000000000000000E /* SettingsView.swift */; };
		10000000000000000000010F /* QRScannerView.swift in Sources */ = {isa = PBXBuildFile; fileRef = 10000000000000000000000F /* QRScannerView.swift */; };
		100000000000000000000110 /* PreviewData.swift in Sources */ = {isa = PBXBuildFile; fileRef = 100000000000000000000010 /* PreviewData.swift */; };
		100000000000000000000111 /* DashboardView.swift in Sources */ = {isa = PBXBuildFile; fileRef = 100000000000000000000011 /* DashboardView.swift */; };
		100000000000000000000112 /* AttentionView.swift in Sources */ = {isa = PBXBuildFile; fileRef = 100000000000000000000012 /* AttentionView.swift */; };
		100000000000000000000113 /* NotificationCoordinator.swift in Sources */ = {isa = PBXBuildFile; fileRef = 100000000000000000000013 /* NotificationCoordinator.swift */; };
		100000000000000000000114 /* KeychainStore.swift in Sources */ = {isa = PBXBuildFile; fileRef = 100000000000000000000014 /* KeychainStore.swift */; };
		100000000000000000000115 /* LaunchSplashView.swift in Sources */ = {isa = PBXBuildFile; fileRef = 100000000000000000000016 /* LaunchSplashView.swift */; };
		100000000000000000000116 /* ChatTranscriptParser.swift in Sources */ = {isa = PBXBuildFile; fileRef = 100000000000000000000017 /* ChatTranscriptParser.swift */; };
		100000000000000000000117 /* ChatTranscriptView.swift in Sources */ = {isa = PBXBuildFile; fileRef = 100000000000000000000018 /* ChatTranscriptView.swift */; };
		200000000000000000000101 /* IPadWorkspaceModels.swift in Sources */ = {isa = PBXBuildFile; fileRef = 200000000000000000000001 /* IPadWorkspaceModels.swift */; };
		200000000000000000000102 /* IPadWorkspaceRootView.swift in Sources */ = {isa = PBXBuildFile; fileRef = 200000000000000000000002 /* IPadWorkspaceRootView.swift */; };
		200000000000000000000103 /* IPadSidebarView.swift in Sources */ = {isa = PBXBuildFile; fileRef = 200000000000000000000003 /* IPadSidebarView.swift */; };
		200000000000000000000104 /* IPadDashboardWorkspaceView.swift in Sources */ = {isa = PBXBuildFile; fileRef = 200000000000000000000004 /* IPadDashboardWorkspaceView.swift */; };
		200000000000000000000105 /* IPadChatListWorkspaceView.swift in Sources */ = {isa = PBXBuildFile; fileRef = 200000000000000000000005 /* IPadChatListWorkspaceView.swift */; };
		200000000000000000000106 /* IPadChatDetailWorkspaceView.swift in Sources */ = {isa = PBXBuildFile; fileRef = 200000000000000000000006 /* IPadChatDetailWorkspaceView.swift */; };
		200000000000000000000107 /* IPadApprovalReviewWorkspaceView.swift in Sources */ = {isa = PBXBuildFile; fileRef = 200000000000000000000007 /* IPadApprovalReviewWorkspaceView.swift */; };
		200000000000000000000108 /* IPadSettingsWorkspaceView.swift in Sources */ = {isa = PBXBuildFile; fileRef = 200000000000000000000008 /* IPadSettingsWorkspaceView.swift */; };
		200000000000000000000109 /* IPadNewChatPanel.swift in Sources */ = {isa = PBXBuildFile; fileRef = 200000000000000000000009 /* IPadNewChatPanel.swift */; };
		20000000000000000000010A /* HandrailCommands.swift in Sources */ = {isa = PBXBuildFile; fileRef = 20000000000000000000000A /* HandrailCommands.swift */; };
		20000000000000000000010B /* IPadChatListQuery.swift in Sources */ = {isa = PBXBuildFile; fileRef = 20000000000000000000000B /* IPadChatListQuery.swift */; };
		20000000000000000000010C /* IPadSelectedChatWindowScene.swift in Sources */ = {isa = PBXBuildFile; fileRef = 20000000000000000000000C /* IPadSelectedChatWindowScene.swift */; };
		20000000000000000000010D /* IPadActivityWorkspaceView.swift in Sources */ = {isa = PBXBuildFile; fileRef = 20000000000000000000000D /* IPadActivityWorkspaceView.swift */; };
		200000000000000000000201 /* HandrailTestFixtures.swift in Sources */ = {isa = PBXBuildFile; fileRef = 200000000000000000000021 /* HandrailTestFixtures.swift */; };
		200000000000000000000202 /* ChatListQueryTests.swift in Sources */ = {isa = PBXBuildFile; fileRef = 200000000000000000000022 /* ChatListQueryTests.swift */; };
		200000000000000000000203 /* HandrailCommandAvailabilityTests.swift in Sources */ = {isa = PBXBuildFile; fileRef = 200000000000000000000023 /* HandrailCommandAvailabilityTests.swift */; };
		200000000000000000000204 /* RootLayoutSelectionTests.swift in Sources */ = {isa = PBXBuildFile; fileRef = 200000000000000000000024 /* RootLayoutSelectionTests.swift */; };
		200000000000000000000205 /* WindowSelectionStateTests.swift in Sources */ = {isa = PBXBuildFile; fileRef = 200000000000000000000025 /* WindowSelectionStateTests.swift */; };
		200000000000000000000206 /* TranscriptParsingTests.swift in Sources */ = {isa = PBXBuildFile; fileRef = 200000000000000000000026 /* TranscriptParsingTests.swift */; };
		200000000000000000000207 /* HandrailWebSocketClientTests.swift in Sources */ = {isa = PBXBuildFile; fileRef = 200000000000000000000027 /* HandrailWebSocketClientTests.swift */; };
		200000000000000000000208 /* TransientErrorStateTests.swift in Sources */ = {isa = PBXBuildFile; fileRef = 200000000000000000000028 /* TransientErrorStateTests.swift */; };
		200000000000000000000209 /* PairingPersistenceTests.swift in Sources */ = {isa = PBXBuildFile; fileRef = 200000000000000000000029 /* PairingPersistenceTests.swift */; };
		200000000000000000000302 /* XCTest.framework in Frameworks */ = {isa = PBXBuildFile; fileRef = 200000000000000000000303 /* XCTest.framework */; };
/* End PBXBuildFile section */

/* Begin PBXContainerItemProxy section */
		200000000000000000000601 /* PBXContainerItemProxy */ = {
			isa = PBXContainerItemProxy;
			containerPortal = 100000000000000000000701 /* Project object */;
			proxyType = 1;
			remoteGlobalIDString = 100000000000000000000501;
			remoteInfo = Handrail;
		};
/* End PBXContainerItemProxy section */

/* Begin PBXFileReference section */
		100000000000000000000001 /* HandrailApp.swift */ = {isa = PBXFileReference; lastKnownFileType = sourcecode.swift; path = Handrail/HandrailApp.swift; sourceTree = "<group>"; };
		100000000000000000000002 /* HandrailModels.swift */ = {isa = PBXFileReference; lastKnownFileType = sourcecode.swift; path = Handrail/Models/HandrailModels.swift; sourceTree = "<group>"; };
		100000000000000000000003 /* HandrailMessages.swift */ = {isa = PBXFileReference; lastKnownFileType = sourcecode.swift; path = Handrail/Networking/HandrailMessages.swift; sourceTree = "<group>"; };
		100000000000000000000004 /* HandrailWebSocketClient.swift */ = {isa = PBXFileReference; lastKnownFileType = sourcecode.swift; path = Handrail/Networking/HandrailWebSocketClient.swift; sourceTree = "<group>"; };
		100000000000000000000005 /* HandrailStore.swift */ = {isa = PBXFileReference; lastKnownFileType = sourcecode.swift; path = Handrail/Stores/HandrailStore.swift; sourceTree = "<group>"; };
		100000000000000000000006 /* Formatters.swift */ = {isa = PBXFileReference; lastKnownFileType = sourcecode.swift; path = Handrail/Utilities/Formatters.swift; sourceTree = "<group>"; };
		100000000000000000000007 /* RootView.swift */ = {isa = PBXFileReference; lastKnownFileType = sourcecode.swift; path = Handrail/Views/RootView.swift; sourceTree = "<group>"; };
		100000000000000000000008 /* Components.swift */ = {isa = PBXFileReference; lastKnownFileType = sourcecode.swift; path = Handrail/Views/Components.swift; sourceTree = "<group>"; };
		100000000000000000000009 /* ChatsView.swift */ = {isa = PBXFileReference; lastKnownFileType = sourcecode.swift; path = Handrail/Views/ChatsView.swift; sourceTree = "<group>"; };
		10000000000000000000000A /* ChatDetailView.swift */ = {isa = PBXFileReference; lastKnownFileType = sourcecode.swift; path = Handrail/Views/ChatDetailView.swift; sourceTree = "<group>"; };
		10000000000000000000000B /* ApprovalRequiredView.swift */ = {isa = PBXFileReference; lastKnownFileType = sourcecode.swift; path = Handrail/Views/ApprovalRequiredView.swift; sourceTree = "<group>"; };
		10000000000000000000000C /* ActivityView.swift */ = {isa = PBXFileReference; lastKnownFileType = sourcecode.swift; path = Handrail/Views/ActivityView.swift; sourceTree = "<group>"; };
		10000000000000000000000D /* NotificationsView.swift */ = {isa = PBXFileReference; lastKnownFileType = sourcecode.swift; path = Handrail/Views/NotificationsView.swift; sourceTree = "<group>"; };
		10000000000000000000000E /* SettingsView.swift */ = {isa = PBXFileReference; lastKnownFileType = sourcecode.swift; path = Handrail/Views/SettingsView.swift; sourceTree = "<group>"; };
		10000000000000000000000F /* QRScannerView.swift */ = {isa = PBXFileReference; lastKnownFileType = sourcecode.swift; path = Handrail/Views/QRScannerView.swift; sourceTree = "<group>"; };
		100000000000000000000010 /* PreviewData.swift */ = {isa = PBXFileReference; lastKnownFileType = sourcecode.swift; path = Handrail/Views/PreviewData.swift; sourceTree = "<group>"; };
		100000000000000000000011 /* DashboardView.swift */ = {isa = PBXFileReference; lastKnownFileType = sourcecode.swift; path = Handrail/Views/DashboardView.swift; sourceTree = "<group>"; };
		100000000000000000000012 /* AttentionView.swift */ = {isa = PBXFileReference; lastKnownFileType = sourcecode.swift; path = Handrail/Views/AttentionView.swift; sourceTree = "<group>"; };
		100000000000000000000013 /* NotificationCoordinator.swift */ = {isa = PBXFileReference; lastKnownFileType = sourcecode.swift; path = Handrail/Utilities/NotificationCoordinator.swift; sourceTree = "<group>"; };
		100000000000000000000014 /* KeychainStore.swift */ = {isa = PBXFileReference; lastKnownFileType = sourcecode.swift; path = Handrail/Utilities/KeychainStore.swift; sourceTree = "<group>"; };
		100000000000000000000015 /* Handrail.entitlements */ = {isa = PBXFileReference; lastKnownFileType = text.plist.entitlements; path = Handrail/Handrail.entitlements; sourceTree = "<group>"; };
		100000000000000000000016 /* LaunchSplashView.swift */ = {isa = PBXFileReference; lastKnownFileType = sourcecode.swift; path = Handrail/Views/LaunchSplashView.swift; sourceTree = "<group>"; };
		100000000000000000000017 /* ChatTranscriptParser.swift */ = {isa = PBXFileReference; lastKnownFileType = sourcecode.swift; path = Handrail/Views/ChatTranscriptParser.swift; sourceTree = "<group>"; };
		100000000000000000000018 /* ChatTranscriptView.swift */ = {isa = PBXFileReference; lastKnownFileType = sourcecode.swift; path = Handrail/Views/ChatTranscriptView.swift; sourceTree = "<group>"; };
		100000000000000000000201 /* Handrail.app */ = {isa = PBXFileReference; explicitFileType = wrapper.application; includeInIndex = 0; path = Handrail.app; sourceTree = BUILT_PRODUCTS_DIR; };
		200000000000000000000001 /* IPadWorkspaceModels.swift */ = {isa = PBXFileReference; lastKnownFileType = sourcecode.swift; path = IPadWorkspaceModels.swift; sourceTree = "<group>"; };
		200000000000000000000002 /* IPadWorkspaceRootView.swift */ = {isa = PBXFileReference; lastKnownFileType = sourcecode.swift; path = IPadWorkspaceRootView.swift; sourceTree = "<group>"; };
		200000000000000000000003 /* IPadSidebarView.swift */ = {isa = PBXFileReference; lastKnownFileType = sourcecode.swift; path = IPadSidebarView.swift; sourceTree = "<group>"; };
		200000000000000000000004 /* IPadDashboardWorkspaceView.swift */ = {isa = PBXFileReference; lastKnownFileType = sourcecode.swift; path = IPadDashboardWorkspaceView.swift; sourceTree = "<group>"; };
		200000000000000000000005 /* IPadChatListWorkspaceView.swift */ = {isa = PBXFileReference; lastKnownFileType = sourcecode.swift; path = IPadChatListWorkspaceView.swift; sourceTree = "<group>"; };
		200000000000000000000006 /* IPadChatDetailWorkspaceView.swift */ = {isa = PBXFileReference; lastKnownFileType = sourcecode.swift; path = IPadChatDetailWorkspaceView.swift; sourceTree = "<group>"; };
		200000000000000000000007 /* IPadApprovalReviewWorkspaceView.swift */ = {isa = PBXFileReference; lastKnownFileType = sourcecode.swift; path = IPadApprovalReviewWorkspaceView.swift; sourceTree = "<group>"; };
		200000000000000000000008 /* IPadSettingsWorkspaceView.swift */ = {isa = PBXFileReference; lastKnownFileType = sourcecode.swift; path = IPadSettingsWorkspaceView.swift; sourceTree = "<group>"; };
		200000000000000000000009 /* IPadNewChatPanel.swift */ = {isa = PBXFileReference; lastKnownFileType = sourcecode.swift; path = IPadNewChatPanel.swift; sourceTree = "<group>"; };
		20000000000000000000000A /* HandrailCommands.swift */ = {isa = PBXFileReference; lastKnownFileType = sourcecode.swift; path = HandrailCommands.swift; sourceTree = "<group>"; };
		20000000000000000000000B /* IPadChatListQuery.swift */ = {isa = PBXFileReference; lastKnownFileType = sourcecode.swift; path = IPadChatListQuery.swift; sourceTree = "<group>"; };
		20000000000000000000000C /* IPadSelectedChatWindowScene.swift */ = {isa = PBXFileReference; lastKnownFileType = sourcecode.swift; path = IPadSelectedChatWindowScene.swift; sourceTree = "<group>"; };
		20000000000000000000000D /* IPadActivityWorkspaceView.swift */ = {isa = PBXFileReference; lastKnownFileType = sourcecode.swift; path = IPadActivityWorkspaceView.swift; sourceTree = "<group>"; };
		200000000000000000000021 /* HandrailTestFixtures.swift */ = {isa = PBXFileReference; lastKnownFileType = sourcecode.swift; path = HandrailTestFixtures.swift; sourceTree = "<group>"; };
		200000000000000000000022 /* ChatListQueryTests.swift */ = {isa = PBXFileReference; lastKnownFileType = sourcecode.swift; path = ChatListQueryTests.swift; sourceTree = "<group>"; };
		200000000000000000000023 /* HandrailCommandAvailabilityTests.swift */ = {isa = PBXFileReference; lastKnownFileType = sourcecode.swift; path = HandrailCommandAvailabilityTests.swift; sourceTree = "<group>"; };
		200000000000000000000024 /* RootLayoutSelectionTests.swift */ = {isa = PBXFileReference; lastKnownFileType = sourcecode.swift; path = RootLayoutSelectionTests.swift; sourceTree = "<group>"; };
		200000000000000000000025 /* WindowSelectionStateTests.swift */ = {isa = PBXFileReference; lastKnownFileType = sourcecode.swift; path = WindowSelectionStateTests.swift; sourceTree = "<group>"; };
		200000000000000000000026 /* TranscriptParsingTests.swift */ = {isa = PBXFileReference; lastKnownFileType = sourcecode.swift; path = TranscriptParsingTests.swift; sourceTree = "<group>"; };
		200000000000000000000027 /* HandrailWebSocketClientTests.swift */ = {isa = PBXFileReference; lastKnownFileType = sourcecode.swift; path = HandrailWebSocketClientTests.swift; sourceTree = "<group>"; };
		200000000000000000000028 /* TransientErrorStateTests.swift */ = {isa = PBXFileReference; lastKnownFileType = sourcecode.swift; path = TransientErrorStateTests.swift; sourceTree = "<group>"; };
		200000000000000000000029 /* PairingPersistenceTests.swift */ = {isa = PBXFileReference; lastKnownFileType = sourcecode.swift; path = PairingPersistenceTests.swift; sourceTree = "<group>"; };
		200000000000000000000301 /* HandrailTests.xctest */ = {isa = PBXFileReference; explicitFileType = wrapper.cfbundle; includeInIndex = 0; path = HandrailTests.xctest; sourceTree = BUILT_PRODUCTS_DIR; };
		200000000000000000000303 /* XCTest.framework */ = {isa = PBXFileReference; lastKnownFileType = wrapper.framework; name = XCTest.framework; path = System/Library/Frameworks/XCTest.framework; sourceTree = SDKROOT; };
/* End PBXFileReference section */

/* Begin PBXFrameworksBuildPhase section */
		100000000000000000000301 /* Frameworks */ = {
			isa = PBXFrameworksBuildPhase;
			buildActionMask = 2147483647;
			files = (
			);
			runOnlyForDeploymentPostprocessing = 0;
		};
		200000000000000000000401 /* Frameworks */ = {
			isa = PBXFrameworksBuildPhase;
			buildActionMask = 2147483647;
			files = (
				200000000000000000000302 /* XCTest.framework in Frameworks */,
			);
			runOnlyForDeploymentPostprocessing = 0;
		};
/* End PBXFrameworksBuildPhase section */

/* Begin PBXGroup section */
		100000000000000000000401 = {
			isa = PBXGroup;
			children = (
				100000000000000000000001 /* HandrailApp.swift */,
				100000000000000000000002 /* HandrailModels.swift */,
				100000000000000000000003 /* HandrailMessages.swift */,
				100000000000000000000004 /* HandrailWebSocketClient.swift */,
				100000000000000000000005 /* HandrailStore.swift */,
				100000000000000000000006 /* Formatters.swift */,
				100000000000000000000013 /* NotificationCoordinator.swift */,
				100000000000000000000014 /* KeychainStore.swift */,
				100000000000000000000015 /* Handrail.entitlements */,
				100000000000000000000007 /* RootView.swift */,
				100000000000000000000016 /* LaunchSplashView.swift */,
				100000000000000000000011 /* DashboardView.swift */,
				100000000000000000000012 /* AttentionView.swift */,
				100000000000000000000008 /* Components.swift */,
				100000000000000000000009 /* ChatsView.swift */,
				10000000000000000000000A /* ChatDetailView.swift */,
				100000000000000000000017 /* ChatTranscriptParser.swift */,
				100000000000000000000018 /* ChatTranscriptView.swift */,
				10000000000000000000000B /* ApprovalRequiredView.swift */,
				10000000000000000000000C /* ActivityView.swift */,
				10000000000000000000000D /* NotificationsView.swift */,
				10000000000000000000000E /* SettingsView.swift */,
				10000000000000000000000F /* QRScannerView.swift */,
				100000000000000000000010 /* PreviewData.swift */,
				200000000000000000000701 /* IPad */,
				200000000000000000000702 /* HandrailTests */,
				100000000000000000000402 /* Products */,
			);
			sourceTree = "<group>";
		};
		100000000000000000000402 /* Products */ = {
			isa = PBXGroup;
			children = (
				100000000000000000000201 /* Handrail.app */,
				200000000000000000000301 /* HandrailTests.xctest */,
			);
			name = Products;
			sourceTree = "<group>";
		};
		200000000000000000000701 /* IPad */ = {
			isa = PBXGroup;
			children = (
				200000000000000000000001 /* IPadWorkspaceModels.swift */,
				200000000000000000000002 /* IPadWorkspaceRootView.swift */,
				200000000000000000000003 /* IPadSidebarView.swift */,
				200000000000000000000004 /* IPadDashboardWorkspaceView.swift */,
				200000000000000000000005 /* IPadChatListWorkspaceView.swift */,
				200000000000000000000006 /* IPadChatDetailWorkspaceView.swift */,
				200000000000000000000007 /* IPadApprovalReviewWorkspaceView.swift */,
				200000000000000000000008 /* IPadSettingsWorkspaceView.swift */,
				200000000000000000000009 /* IPadNewChatPanel.swift */,
				20000000000000000000000A /* HandrailCommands.swift */,
				20000000000000000000000B /* IPadChatListQuery.swift */,
				20000000000000000000000C /* IPadSelectedChatWindowScene.swift */,
				20000000000000000000000D /* IPadActivityWorkspaceView.swift */,
			);
			path = Handrail/Views/IPad;
			sourceTree = "<group>";
		};
		200000000000000000000702 /* HandrailTests */ = {
			isa = PBXGroup;
			children = (
				200000000000000000000021 /* HandrailTestFixtures.swift */,
				200000000000000000000022 /* ChatListQueryTests.swift */,
				200000000000000000000023 /* HandrailCommandAvailabilityTests.swift */,
				200000000000000000000024 /* RootLayoutSelectionTests.swift */,
				200000000000000000000025 /* WindowSelectionStateTests.swift */,
				200000000000000000000026 /* TranscriptParsingTests.swift */,
				200000000000000000000027 /* HandrailWebSocketClientTests.swift */,
				200000000000000000000028 /* TransientErrorStateTests.swift */,
				200000000000000000000029 /* PairingPersistenceTests.swift */,
			);
			path = HandrailTests;
			sourceTree = "<group>";
		};
/* End PBXGroup section */

/* Begin PBXNativeTarget section */
		100000000000000000000501 /* Handrail */ = {
			isa = PBXNativeTarget;
			buildConfigurationList = 100000000000000000000801 /* Build configuration list for PBXNativeTarget "Handrail" */;
			buildPhases = (
				100000000000000000000601 /* Sources */,
				100000000000000000000301 /* Frameworks */,
			);
			buildRules = (
			);
			dependencies = (
			);
			name = Handrail;
			productName = Handrail;
			productReference = 100000000000000000000201 /* Handrail.app */;
			productType = "com.apple.product-type.application";
		};
		200000000000000000000501 /* HandrailTests */ = {
			isa = PBXNativeTarget;
			buildConfigurationList = 200000000000000000000801 /* Build configuration list for PBXNativeTarget "HandrailTests" */;
			buildPhases = (
				200000000000000000000402 /* Sources */,
				200000000000000000000401 /* Frameworks */,
			);
			buildRules = (
			);
			dependencies = (
				200000000000000000000602 /* PBXTargetDependency */,
			);
			name = HandrailTests;
			productName = HandrailTests;
			productReference = 200000000000000000000301 /* HandrailTests.xctest */;
			productType = "com.apple.product-type.bundle.unit-test";
		};
/* End PBXNativeTarget section */

/* Begin PBXProject section */
		100000000000000000000701 /* Project object */ = {
			isa = PBXProject;
			attributes = {
				BuildIndependentTargetsInParallel = 1;
				LastSwiftUpdateCheck = 1500;
				LastUpgradeCheck = 1500;
				TargetAttributes = {
					100000000000000000000501 = {
						CreatedOnToolsVersion = 15.0;
					};
					200000000000000000000501 = {
						CreatedOnToolsVersion = 15.0;
						TestTargetID = 100000000000000000000501;
					};
				};
			};
			buildConfigurationList = 100000000000000000000802 /* Build configuration list for PBXProject "Handrail" */;
			compatibilityVersion = "Xcode 14.0";
			developmentRegion = en;
			hasScannedForEncodings = 0;
			knownRegions = (
				en,
				Base,
			);
			mainGroup = 100000000000000000000401;
			productRefGroup = 100000000000000000000402 /* Products */;
			projectDirPath = "";
			projectRoot = "";
			targets = (
				100000000000000000000501 /* Handrail */,
				200000000000000000000501 /* HandrailTests */,
			);
		};
/* End PBXProject section */

/* Begin PBXSourcesBuildPhase section */
		100000000000000000000601 /* Sources */ = {
			isa = PBXSourcesBuildPhase;
			buildActionMask = 2147483647;
			files = (
				100000000000000000000101 /* HandrailApp.swift in Sources */,
				100000000000000000000102 /* HandrailModels.swift in Sources */,
				100000000000000000000103 /* HandrailMessages.swift in Sources */,
				100000000000000000000104 /* HandrailWebSocketClient.swift in Sources */,
				100000000000000000000105 /* HandrailStore.swift in Sources */,
				100000000000000000000106 /* Formatters.swift in Sources */,
				100000000000000000000107 /* RootView.swift in Sources */,
				100000000000000000000108 /* Components.swift in Sources */,
				100000000000000000000109 /* ChatsView.swift in Sources */,
				10000000000000000000010A /* ChatDetailView.swift in Sources */,
				10000000000000000000010B /* ApprovalRequiredView.swift in Sources */,
				10000000000000000000010C /* ActivityView.swift in Sources */,
				10000000000000000000010D /* NotificationsView.swift in Sources */,
				10000000000000000000010E /* SettingsView.swift in Sources */,
				10000000000000000000010F /* QRScannerView.swift in Sources */,
				100000000000000000000110 /* PreviewData.swift in Sources */,
				100000000000000000000111 /* DashboardView.swift in Sources */,
				100000000000000000000112 /* AttentionView.swift in Sources */,
				100000000000000000000113 /* NotificationCoordinator.swift in Sources */,
				100000000000000000000114 /* KeychainStore.swift in Sources */,
				100000000000000000000115 /* LaunchSplashView.swift in Sources */,
				100000000000000000000116 /* ChatTranscriptParser.swift in Sources */,
				100000000000000000000117 /* ChatTranscriptView.swift in Sources */,
				200000000000000000000101 /* IPadWorkspaceModels.swift in Sources */,
				200000000000000000000102 /* IPadWorkspaceRootView.swift in Sources */,
				200000000000000000000103 /* IPadSidebarView.swift in Sources */,
				200000000000000000000104 /* IPadDashboardWorkspaceView.swift in Sources */,
				200000000000000000000105 /* IPadChatListWorkspaceView.swift in Sources */,
				200000000000000000000106 /* IPadChatDetailWorkspaceView.swift in Sources */,
				200000000000000000000107 /* IPadApprovalReviewWorkspaceView.swift in Sources */,
				200000000000000000000108 /* IPadSettingsWorkspaceView.swift in Sources */,
				200000000000000000000109 /* IPadNewChatPanel.swift in Sources */,
				20000000000000000000010A /* HandrailCommands.swift in Sources */,
				20000000000000000000010B /* IPadChatListQuery.swift in Sources */,
				20000000000000000000010C /* IPadSelectedChatWindowScene.swift in Sources */,
				20000000000000000000010D /* IPadActivityWorkspaceView.swift in Sources */,
			);
			runOnlyForDeploymentPostprocessing = 0;
		};
		200000000000000000000402 /* Sources */ = {
			isa = PBXSourcesBuildPhase;
			buildActionMask = 2147483647;
			files = (
				200000000000000000000201 /* HandrailTestFixtures.swift in Sources */,
				200000000000000000000202 /* ChatListQueryTests.swift in Sources */,
				200000000000000000000203 /* HandrailCommandAvailabilityTests.swift in Sources */,
				200000000000000000000204 /* RootLayoutSelectionTests.swift in Sources */,
				200000000000000000000205 /* WindowSelectionStateTests.swift in Sources */,
				200000000000000000000206 /* TranscriptParsingTests.swift in Sources */,
				200000000000000000000207 /* HandrailWebSocketClientTests.swift in Sources */,
				200000000000000000000208 /* TransientErrorStateTests.swift in Sources */,
				200000000000000000000209 /* PairingPersistenceTests.swift in Sources */,
			);
			runOnlyForDeploymentPostprocessing = 0;
		};
/* End PBXSourcesBuildPhase section */

/* Begin PBXTargetDependency section */
		200000000000000000000602 /* PBXTargetDependency */ = {
			isa = PBXTargetDependency;
			target = 100000000000000000000501 /* Handrail */;
			targetProxy = 200000000000000000000601 /* PBXContainerItemProxy */;
		};
/* End PBXTargetDependency section */

/* Begin XCBuildConfiguration section */
		100000000000000000000901 /* Debug */ = {
			isa = XCBuildConfiguration;
			buildSettings = {
				ALWAYS_SEARCH_USER_PATHS = NO;
				CLANG_ANALYZER_NONNULL = YES;
				CLANG_ANALYZER_NUMBER_OBJECT_CONVERSION = YES_AGGRESSIVE;
				CLANG_CXX_LANGUAGE_STANDARD = "gnu++20";
				CLANG_ENABLE_MODULES = YES;
				CLANG_ENABLE_OBJC_ARC = YES;
				CLANG_ENABLE_OBJC_WEAK = YES;
				CLANG_WARN_BLOCK_CAPTURE_AUTORELEASING = YES;
				CLANG_WARN_BOOL_CONVERSION = YES;
				CLANG_WARN_COMMA = YES;
				CLANG_WARN_CONSTANT_CONVERSION = YES;
				CLANG_WARN_DEPRECATED_OBJC_IMPLEMENTATIONS = YES;
				CLANG_WARN_DIRECT_OBJC_ISA_USAGE = YES_ERROR;
				CLANG_WARN_DOCUMENTATION_COMMENTS = YES;
				CLANG_WARN_EMPTY_BODY = YES;
				CLANG_WARN_ENUM_CONVERSION = YES;
				CLANG_WARN_INFINITE_RECURSION = YES;
				CLANG_WARN_INT_CONVERSION = YES;
				CLANG_WARN_NON_LITERAL_NULL_CONVERSION = YES;
				CLANG_WARN_OBJC_IMPLICIT_RETAIN_SELF = YES;
				CLANG_WARN_OBJC_LITERAL_CONVERSION = YES;
				CLANG_WARN_OBJC_ROOT_CLASS = YES_ERROR;
				CLANG_WARN_QUOTED_INCLUDE_IN_FRAMEWORK_HEADER = YES;
				CLANG_WARN_RANGE_LOOP_ANALYSIS = YES;
				CLANG_WARN_STRICT_PROTOTYPES = YES;
				CLANG_WARN_SUSPICIOUS_MOVE = YES;
				CLANG_WARN_UNGUARDED_AVAILABILITY = YES_AGGRESSIVE;
				CLANG_WARN_UNREACHABLE_CODE = YES;
				CLANG_WARN__DUPLICATE_METHOD_MATCH = YES;
				COPY_PHASE_STRIP = NO;
				DEBUG_INFORMATION_FORMAT = dwarf;
				ENABLE_STRICT_OBJC_MSGSEND = YES;
				ENABLE_TESTABILITY = YES;
				ENABLE_USER_SCRIPT_SANDBOXING = YES;
				GCC_C_LANGUAGE_STANDARD = gnu17;
				GCC_DYNAMIC_NO_PIC = NO;
				GCC_NO_COMMON_BLOCKS = YES;
				GCC_OPTIMIZATION_LEVEL = 0;
				GCC_PREPROCESSOR_DEFINITIONS = (
					"DEBUG=1",
					"$(inherited)",
				);
				GCC_WARN_64_TO_32_BIT_CONVERSION = YES;
				GCC_WARN_ABOUT_RETURN_TYPE = YES_ERROR;
				GCC_WARN_UNDECLARED_SELECTOR = YES;
				GCC_WARN_UNINITIALIZED_AUTOS = YES_AGGRESSIVE;
				GCC_WARN_UNUSED_FUNCTION = YES;
				GCC_WARN_UNUSED_VARIABLE = YES;
				IPHONEOS_DEPLOYMENT_TARGET = 17.0;
				MTL_ENABLE_DEBUG_INFO = INCLUDE_SOURCE;
				MTL_FAST_MATH = YES;
				ONLY_ACTIVE_ARCH = YES;
				SWIFT_ACTIVE_COMPILATION_CONDITIONS = DEBUG;
				SWIFT_OPTIMIZATION_LEVEL = "-Onone";
			};
			name = Debug;
		};
		100000000000000000000902 /* Release */ = {
			isa = XCBuildConfiguration;
			buildSettings = {
				ALWAYS_SEARCH_USER_PATHS = NO;
				CLANG_ANALYZER_NONNULL = YES;
				CLANG_ANALYZER_NUMBER_OBJECT_CONVERSION = YES_AGGRESSIVE;
				CLANG_CXX_LANGUAGE_STANDARD = "gnu++20";
				CLANG_ENABLE_MODULES = YES;
				CLANG_ENABLE_OBJC_ARC = YES;
				CLANG_ENABLE_OBJC_WEAK = YES;
				CLANG_WARN_BLOCK_CAPTURE_AUTORELEASING = YES;
				CLANG_WARN_BOOL_CONVERSION = YES;
				CLANG_WARN_COMMA = YES;
				CLANG_WARN_CONSTANT_CONVERSION = YES;
				CLANG_WARN_DEPRECATED_OBJC_IMPLEMENTATIONS = YES;
				CLANG_WARN_DIRECT_OBJC_ISA_USAGE = YES_ERROR;
				CLANG_WARN_DOCUMENTATION_COMMENTS = YES;
				CLANG_WARN_EMPTY_BODY = YES;
				CLANG_WARN_ENUM_CONVERSION = YES;
				CLANG_WARN_INFINITE_RECURSION = YES;
				CLANG_WARN_INT_CONVERSION = YES;
				CLANG_WARN_NON_LITERAL_NULL_CONVERSION = YES;
				CLANG_WARN_OBJC_IMPLICIT_RETAIN_SELF = YES;
				CLANG_WARN_OBJC_LITERAL_CONVERSION = YES;
				CLANG_WARN_OBJC_ROOT_CLASS = YES_ERROR;
				CLANG_WARN_QUOTED_INCLUDE_IN_FRAMEWORK_HEADER = YES;
				CLANG_WARN_RANGE_LOOP_ANALYSIS = YES;
				CLANG_WARN_STRICT_PROTOTYPES = YES;
				CLANG_WARN_SUSPICIOUS_MOVE = YES;
				CLANG_WARN_UNGUARDED_AVAILABILITY = YES_AGGRESSIVE;
				CLANG_WARN_UNREACHABLE_CODE = YES;
				CLANG_WARN__DUPLICATE_METHOD_MATCH = YES;
				COPY_PHASE_STRIP = NO;
				DEBUG_INFORMATION_FORMAT = "dwarf-with-dsym";
				ENABLE_NS_ASSERTIONS = NO;
				ENABLE_STRICT_OBJC_MSGSEND = YES;
				ENABLE_USER_SCRIPT_SANDBOXING = YES;
				GCC_C_LANGUAGE_STANDARD = gnu17;
				GCC_NO_COMMON_BLOCKS = YES;
				GCC_WARN_64_TO_32_BIT_CONVERSION = YES;
				GCC_WARN_ABOUT_RETURN_TYPE = YES_ERROR;
				GCC_WARN_UNDECLARED_SELECTOR = YES;
				GCC_WARN_UNINITIALIZED_AUTOS = YES_AGGRESSIVE;
				GCC_WARN_UNUSED_FUNCTION = YES;
				GCC_WARN_UNUSED_VARIABLE = YES;
				IPHONEOS_DEPLOYMENT_TARGET = 17.0;
				MTL_ENABLE_DEBUG_INFO = NO;
				MTL_FAST_MATH = YES;
				SWIFT_COMPILATION_MODE = wholemodule;
				VALIDATE_PRODUCT = YES;
			};
			name = Release;
		};
		100000000000000000000903 /* Debug */ = {
			isa = XCBuildConfiguration;
			buildSettings = {
				ASSETCATALOG_COMPILER_GLOBAL_ACCENT_COLOR_NAME = AccentColor;
				CODE_SIGN_STYLE = Automatic;
				CURRENT_PROJECT_VERSION = 1;
				DEVELOPMENT_TEAM = 535MQ7U2FY;
				GENERATE_INFOPLIST_FILE = YES;
				INFOPLIST_KEY_CFBundleDisplayName = Handrail;
				INFOPLIST_KEY_LSApplicationCategoryType = "public.app-category.developer-tools";
				INFOPLIST_KEY_NSCameraUsageDescription = "Handrail scans the pairing QR code printed by the desktop CLI.";
				INFOPLIST_KEY_NSLocalNetworkUsageDescription = "Handrail connects to the desktop CLI on your local network.";
				INFOPLIST_KEY_UIApplicationSceneManifest_Generation = YES;
				INFOPLIST_KEY_UIApplicationSupportsIndirectInputEvents = YES;
				INFOPLIST_KEY_UILaunchScreen_Generation = YES;
				INFOPLIST_KEY_UISupportedInterfaceOrientations_iPad = "UIInterfaceOrientationPortrait UIInterfaceOrientationPortraitUpsideDown UIInterfaceOrientationLandscapeLeft UIInterfaceOrientationLandscapeRight";
				INFOPLIST_KEY_UISupportedInterfaceOrientations_iPhone = "UIInterfaceOrientationPortrait UIInterfaceOrientationLandscapeLeft UIInterfaceOrientationLandscapeRight";
				IPHONEOS_DEPLOYMENT_TARGET = 17.0;
				MARKETING_VERSION = 0.1.0;
				PRODUCT_BUNDLE_IDENTIFIER = com.velocityworks.Handrail;
				PRODUCT_NAME = "$(TARGET_NAME)";
				SUPPORTED_PLATFORMS = "iphoneos iphonesimulator";
				SUPPORTS_MACCATALYST = NO;
				SWIFT_EMIT_LOC_STRINGS = YES;
				SWIFT_VERSION = 5.0;
				TARGETED_DEVICE_FAMILY = "1,2";
			};
			name = Debug;
		};
		100000000000000000000904 /* Release */ = {
			isa = XCBuildConfiguration;
			buildSettings = {
				ASSETCATALOG_COMPILER_GLOBAL_ACCENT_COLOR_NAME = AccentColor;
				CODE_SIGN_ENTITLEMENTS = Handrail/Handrail.entitlements;
				CODE_SIGN_STYLE = Automatic;
				CURRENT_PROJECT_VERSION = 1;
				DEVELOPMENT_TEAM = 535MQ7U2FY;
				GENERATE_INFOPLIST_FILE = YES;
				INFOPLIST_KEY_CFBundleDisplayName = Handrail;
				INFOPLIST_KEY_LSApplicationCategoryType = "public.app-category.developer-tools";
				INFOPLIST_KEY_NSCameraUsageDescription = "Handrail scans the pairing QR code printed by the desktop CLI.";
				INFOPLIST_KEY_NSLocalNetworkUsageDescription = "Handrail connects to the desktop CLI on your local network.";
				INFOPLIST_KEY_UIApplicationSceneManifest_Generation = YES;
				INFOPLIST_KEY_UIApplicationSupportsIndirectInputEvents = YES;
				INFOPLIST_KEY_UILaunchScreen_Generation = YES;
				INFOPLIST_KEY_UISupportedInterfaceOrientations_iPad = "UIInterfaceOrientationPortrait UIInterfaceOrientationPortraitUpsideDown UIInterfaceOrientationLandscapeLeft UIInterfaceOrientationLandscapeRight";
				INFOPLIST_KEY_UISupportedInterfaceOrientations_iPhone = "UIInterfaceOrientationPortrait UIInterfaceOrientationLandscapeLeft UIInterfaceOrientationLandscapeRight";
				IPHONEOS_DEPLOYMENT_TARGET = 17.0;
				MARKETING_VERSION = 0.1.0;
				PRODUCT_BUNDLE_IDENTIFIER = com.velocityworks.Handrail;
				PRODUCT_NAME = "$(TARGET_NAME)";
				SUPPORTED_PLATFORMS = "iphoneos iphonesimulator";
				SUPPORTS_MACCATALYST = NO;
				SWIFT_EMIT_LOC_STRINGS = YES;
				SWIFT_VERSION = 5.0;
				TARGETED_DEVICE_FAMILY = "1,2";
			};
			name = Release;
		};
		200000000000000000000901 /* Debug */ = {
			isa = XCBuildConfiguration;
			buildSettings = {
				BUNDLE_LOADER = "$(TEST_HOST)";
				CODE_SIGN_STYLE = Automatic;
				CURRENT_PROJECT_VERSION = 1;
				DEVELOPMENT_TEAM = 535MQ7U2FY;
				GENERATE_INFOPLIST_FILE = YES;
				IPHONEOS_DEPLOYMENT_TARGET = 17.0;
				MARKETING_VERSION = 0.1.0;
				PRODUCT_BUNDLE_IDENTIFIER = com.velocityworks.HandrailTests;
				PRODUCT_NAME = "$(TARGET_NAME)";
				SUPPORTED_PLATFORMS = "iphoneos iphonesimulator";
				SWIFT_EMIT_LOC_STRINGS = NO;
				SWIFT_VERSION = 5.0;
				TARGETED_DEVICE_FAMILY = "1,2";
				TEST_HOST = "$(BUILT_PRODUCTS_DIR)/Handrail.app/$(BUNDLE_EXECUTABLE_FOLDER_PATH)/Handrail";
			};
			name = Debug;
		};
		200000000000000000000902 /* Release */ = {
			isa = XCBuildConfiguration;
			buildSettings = {
				BUNDLE_LOADER = "$(TEST_HOST)";
				CODE_SIGN_STYLE = Automatic;
				CURRENT_PROJECT_VERSION = 1;
				DEVELOPMENT_TEAM = 535MQ7U2FY;
				GENERATE_INFOPLIST_FILE = YES;
				IPHONEOS_DEPLOYMENT_TARGET = 17.0;
				MARKETING_VERSION = 0.1.0;
				PRODUCT_BUNDLE_IDENTIFIER = com.velocityworks.HandrailTests;
				PRODUCT_NAME = "$(TARGET_NAME)";
				SUPPORTED_PLATFORMS = "iphoneos iphonesimulator";
				SWIFT_EMIT_LOC_STRINGS = NO;
				SWIFT_VERSION = 5.0;
				TARGETED_DEVICE_FAMILY = "1,2";
				TEST_HOST = "$(BUILT_PRODUCTS_DIR)/Handrail.app/$(BUNDLE_EXECUTABLE_FOLDER_PATH)/Handrail";
			};
			name = Release;
		};
/* End XCBuildConfiguration section */

/* Begin XCConfigurationList section */
		100000000000000000000801 /* Build configuration list for PBXNativeTarget "Handrail" */ = {
			isa = XCConfigurationList;
			buildConfigurations = (
				100000000000000000000903 /* Debug */,
				100000000000000000000904 /* Release */,
			);
			defaultConfigurationIsVisible = 0;
			defaultConfigurationName = Release;
		};
		100000000000000000000802 /* Build configuration list for PBXProject "Handrail" */ = {
			isa = XCConfigurationList;
			buildConfigurations = (
				100000000000000000000901 /* Debug */,
				100000000000000000000902 /* Release */,
			);
			defaultConfigurationIsVisible = 0;
			defaultConfigurationName = Release;
		};
		200000000000000000000801 /* Build configuration list for PBXNativeTarget "HandrailTests" */ = {
			isa = XCConfigurationList;
			buildConfigurations = (
				200000000000000000000901 /* Debug */,
				200000000000000000000902 /* Release */,
			);
			defaultConfigurationIsVisible = 0;
			defaultConfigurationName = Release;
		};
/* End XCConfigurationList section */
	};
	rootObject = 100000000000000000000701 /* Project object */;
}
