// !$*UTF8*$!
{
	archiveVersion = 1;
	classes = {
	};
	objectVersion = 56;
	objects = {

/* Begin PBXBuildFile section */
		100000000000000000000101 /* HandrailApp.swift in Sources */ = {isa = PBXBuildFile; fileRef = 100000000000000000000001 /* HandrailApp.swift */; };
		100000000000000000000102 /* HandrailModels.swift in Sources */ = {isa = PBXBuildFile; fileRef = 100000000000000000000002 /* HandrailModels.swift */; };
		100000000000000000000103 /* HandrailMessages.swift in Sources */ = {isa = PBXBuildFile; fileRef = 100000000000000000000003 /* HandrailMessages.swift */; };
		100000000000000000000104 /* HandrailWebSocketClient.swift in Sources */ = {isa = PBXBuildFile; fileRef = 100000000000000000000004 /* HandrailWebSocketClient.swift */; };
		100000000000000000000105 /* HandrailStore.swift in Sources */ = {isa = PBXBuildFile; fileRef = 100000000000000000000005 /* HandrailStore.swift */; };
		100000000000000000000106 /* Formatters.swift in Sources */ = {isa = PBXBuildFile; fileRef = 100000000000000000000006 /* Formatters.swift */; };
		100000000000000000000107 /* RootView.swift in Sources */ = {isa = PBXBuildFile; fileRef = 100000000000000000000007 /* RootView.swift */; };
		100000000000000000000108 /* Components.swift in Sources */ = {isa = PBXBuildFile; fileRef = 100000000000000000000008 /* Components.swift */; };
		100000000000000000000109 /* ChatsView.swift in Sources */ = {isa = PBXBuildFile; fileRef = 100000000000000000000009 /* ChatsView.swift */; };
		10000000000000000000010A /* ChatDetailView.swift in Sources */ = {isa = PBXBuildFile; fileRef = 10000000000000000000000A /* ChatDetailView.swift */; };
		10000000000000000000010B /* ApprovalRequiredView.swift in Sources */ = {isa = PBXBuildFile; fileRef = 10000000000000000000000B /* ApprovalRequiredView.swift */; };
		10000000000000000000010C /* ActivityView.swift in Sources */ = {isa = PBXBuildFile; fileRef = 10000000000000000000000C /* ActivityView.swift */; };
		10000000000000000000010D /* NotificationsView.swift in Sources */ = {isa = PBXBuildFile; fileRef = 10000000000000000000000D /* NotificationsView.swift */; };
		10000000000000000000010E /* SettingsView.swift in Sources */ = {isa = PBXBuildFile; fileRef = 10000000000000000000000E /* SettingsView.swift */; };
		10000000000000000000010F /* QRScannerView.swift in Sources */ = {isa = PBXBuildFile; fileRef = 10000000000000000000000F /* QRScannerView.swift */; };
		100000000000000000000110 /* PreviewData.swift in Sources */ = {isa = PBXBuildFile; fileRef = 100000000000000000000010 /* PreviewData.swift */; };
		100000000000000000000111 /* DashboardView.swift in Sources */ = {isa = PBXBuildFile; fileRef = 100000000000000000000011 /* DashboardView.swift */; };
		100000000000000000000112 /* AttentionView.swift in Sources */ = {isa = PBXBuildFile; fileRef = 100000000000000000000012 /* AttentionView.swift */; };
		100000000000000000000113 /* NotificationCoordinator.swift in Sources */ = {isa = PBXBuildFile; fileRef = 100000000000000000000013 /* NotificationCoordinator.swift */; };
		100000000000000000000114 /* KeychainStore.swift in Sources */ = {isa = PBXBuildFile; fileRef = 100000000000000000000014 /* KeychainStore.swift */; };
/* End PBXBuildFile section */

/* Begin PBXFileReference section */
		100000000000000000000001 /* HandrailApp.swift */ = {isa = PBXFileReference; lastKnownFileType = sourcecode.swift; path = Handrail/HandrailApp.swift; sourceTree = "<group>"; };
		100000000000000000000002 /* HandrailModels.swift */ = {isa = PBXFileReference; lastKnownFileType = sourcecode.swift; path = Handrail/Models/HandrailModels.swift; sourceTree = "<group>"; };
		100000000000000000000003 /* HandrailMessages.swift */ = {isa = PBXFileReference; lastKnownFileType = sourcecode.swift; path = Handrail/Networking/HandrailMessages.swift; sourceTree = "<group>"; };
		100000000000000000000004 /* HandrailWebSocketClient.swift */ = {isa = PBXFileReference; lastKnownFileType = sourcecode.swift; path = Handrail/Networking/HandrailWebSocketClient.swift; sourceTree = "<group>"; };
		100000000000000000000005 /* HandrailStore.swift */ = {isa = PBXFileReference; lastKnownFileType = sourcecode.swift; path = Handrail/Stores/HandrailStore.swift; sourceTree = "<group>"; };
		100000000000000000000006 /* Formatters.swift */ = {isa = PBXFileReference; lastKnownFileType = sourcecode.swift; path = Handrail/Utilities/Formatters.swift; sourceTree = "<group>"; };
		100000000000000000000007 /* RootView.swift */ = {isa = PBXFileReference; lastKnownFileType = sourcecode.swift; path = Handrail/Views/RootView.swift; sourceTree = "<group>"; };
		100000000000000000000008 /* Components.swift */ = {isa = PBXFileReference; lastKnownFileType = sourcecode.swift; path = Handrail/Views/Components.swift; sourceTree = "<group>"; };
		100000000000000000000009 /* ChatsView.swift */ = {isa = PBXFileReference; lastKnownFileType = sourcecode.swift; path = Handrail/Views/ChatsView.swift; sourceTree = "<group>"; };
		10000000000000000000000A /* ChatDetailView.swift */ = {isa = PBXFileReference; lastKnownFileType = sourcecode.swift; path = Handrail/Views/ChatDetailView.swift; sourceTree = "<group>"; };
		10000000000000000000000B /* ApprovalRequiredView.swift */ = {isa = PBXFileReference; lastKnownFileType = sourcecode.swift; path = Handrail/Views/ApprovalRequiredView.swift; sourceTree = "<group>"; };
		10000000000000000000000C /* ActivityView.swift */ = {isa = PBXFileReference; lastKnownFileType = sourcecode.swift; path = Handrail/Views/ActivityView.swift; sourceTree = "<group>"; };
		10000000000000000000000D /* NotificationsView.swift */ = {isa = PBXFileReference; lastKnownFileType = sourcecode.swift; path = Handrail/Views/NotificationsView.swift; sourceTree = "<group>"; };
		10000000000000000000000E /* SettingsView.swift */ = {isa = PBXFileReference; lastKnownFileType = sourcecode.swift; path = Handrail/Views/SettingsView.swift; sourceTree = "<group>"; };
		10000000000000000000000F /* QRScannerView.swift */ = {isa = PBXFileReference; lastKnownFileType = sourcecode.swift; path = Handrail/Views/QRScannerView.swift; sourceTree = "<group>"; };
		100000000000000000000010 /* PreviewData.swift */ = {isa = PBXFileReference; lastKnownFileType = sourcecode.swift; path = Handrail/Views/PreviewData.swift; sourceTree = "<group>"; };
		100000000000000000000011 /* DashboardView.swift */ = {isa = PBXFileReference; lastKnownFileType = sourcecode.swift; path = Handrail/Views/DashboardView.swift; sourceTree = "<group>"; };
		100000000000000000000012 /* AttentionView.swift */ = {isa = PBXFileReference; lastKnownFileType = sourcecode.swift; path = Handrail/Views/AttentionView.swift; sourceTree = "<group>"; };
		100000000000000000000013 /* NotificationCoordinator.swift */ = {isa = PBXFileReference; lastKnownFileType = sourcecode.swift; path = Handrail/Utilities/NotificationCoordinator.swift; sourceTree = "<group>"; };
		100000000000000000000014 /* KeychainStore.swift */ = {isa = PBXFileReference; lastKnownFileType = sourcecode.swift; path = Handrail/Utilities/KeychainStore.swift; sourceTree = "<group>"; };
		100000000000000000000201 /* Handrail.app */ = {isa = PBXFileReference; explicitFileType = wrapper.application; includeInIndex = 0; path = Handrail.app; sourceTree = BUILT_PRODUCTS_DIR; };
/* End PBXFileReference section */

/* Begin PBXFrameworksBuildPhase section */
		100000000000000000000301 /* Frameworks */ = {
			isa = PBXFrameworksBuildPhase;
			buildActionMask = 2147483647;
			files = (
			);
			runOnlyForDeploymentPostprocessing = 0;
		};
/* End PBXFrameworksBuildPhase section */

/* Begin PBXGroup section */
		100000000000000000000401 = {
			isa = PBXGroup;
			children = (
				100000000000000000000001 /* HandrailApp.swift */,
				100000000000000000000002 /* HandrailModels.swift */,
				100000000000000000000003 /* HandrailMessages.swift */,
				100000000000000000000004 /* HandrailWebSocketClient.swift */,
				100000000000000000000005 /* HandrailStore.swift */,
				100000000000000000000006 /* Formatters.swift */,
				100000000000000000000013 /* NotificationCoordinator.swift */,
				100000000000000000000014 /* KeychainStore.swift */,
				100000000000000000000007 /* RootView.swift */,
				100000000000000000000011 /* DashboardView.swift */,
				100000000000000000000012 /* AttentionView.swift */,
				100000000000000000000008 /* Components.swift */,
				100000000000000000000009 /* ChatsView.swift */,
				10000000000000000000000A /* ChatDetailView.swift */,
				10000000000000000000000B /* ApprovalRequiredView.swift */,
				10000000000000000000000C /* ActivityView.swift */,
				10000000000000000000000D /* NotificationsView.swift */,
				10000000000000000000000E /* SettingsView.swift */,
				10000000000000000000000F /* QRScannerView.swift */,
				100000000000000000000010 /* PreviewData.swift */,
				100000000000000000000402 /* Products */,
			);
			sourceTree = "<group>";
		};
		100000000000000000000402 /* Products */ = {
			isa = PBXGroup;
			children = (
				100000000000000000000201 /* Handrail.app */,
			);
			name = Products;
			sourceTree = "<group>";
		};
/* End PBXGroup section */

/* Begin PBXNativeTarget section */
		100000000000000000000501 /* Handrail */ = {
			isa = PBXNativeTarget;
			buildConfigurationList = 100000000000000000000801 /* Build configuration list for PBXNativeTarget "Handrail" */;
			buildPhases = (
				100000000000000000000601 /* Sources */,
				100000000000000000000301 /* Frameworks */,
			);
			buildRules = (
			);
			dependencies = (
			);
			name = Handrail;
			productName = Handrail;
			productReference = 100000000000000000000201 /* Handrail.app */;
			productType = "com.apple.product-type.application";
		};
/* End PBXNativeTarget section */

/* Begin PBXProject section */
		100000000000000000000701 /* Project object */ = {
			isa = PBXProject;
			attributes = {
				BuildIndependentTargetsInParallel = 1;
				LastSwiftUpdateCheck = 1500;
				LastUpgradeCheck = 1500;
				TargetAttributes = {
					100000000000000000000501 = {
						CreatedOnToolsVersion = 15.0;
					};
				};
			};
			buildConfigurationList = 100000000000000000000802 /* Build configuration list for PBXProject "Handrail" */;
			compatibilityVersion = "Xcode 14.0";
			developmentRegion = en;
			hasScannedForEncodings = 0;
			knownRegions = (
				en,
				Base,
			);
			mainGroup = 100000000000000000000401;
			productRefGroup = 100000000000000000000402 /* Products */;
			projectDirPath = "";
			projectRoot = "";
			targets = (
				100000000000000000000501 /* Handrail */,
			);
		};
/* End PBXProject section */

/* Begin PBXSourcesBuildPhase section */
		100000000000000000000601 /* Sources */ = {
			isa = PBXSourcesBuildPhase;
			buildActionMask = 2147483647;
			files = (
				100000000000000000000101 /* HandrailApp.swift in Sources */,
				100000000000000000000102 /* HandrailModels.swift in Sources */,
				100000000000000000000103 /* HandrailMessages.swift in Sources */,
				100000000000000000000104 /* HandrailWebSocketClient.swift in Sources */,
				100000000000000000000105 /* HandrailStore.swift in Sources */,
				100000000000000000000106 /* Formatters.swift in Sources */,
				100000000000000000000107 /* RootView.swift in Sources */,
				100000000000000000000108 /* Components.swift in Sources */,
				100000000000000000000109 /* ChatsView.swift in Sources */,
				10000000000000000000010A /* ChatDetailView.swift in Sources */,
				10000000000000000000010B /* ApprovalRequiredView.swift in Sources */,
				10000000000000000000010C /* ActivityView.swift in Sources */,
				10000000000000000000010D /* NotificationsView.swift in Sources */,
				10000000000000000000010E /* SettingsView.swift in Sources */,
				10000000000000000000010F /* QRScannerView.swift in Sources */,
				100000000000000000000110 /* PreviewData.swift in Sources */,
				100000000000000000000111 /* DashboardView.swift in Sources */,
				100000000000000000000112 /* AttentionView.swift in Sources */,
				100000000000000000000113 /* NotificationCoordinator.swift in Sources */,
				100000000000000000000114 /* KeychainStore.swift in Sources */,
			);
			runOnlyForDeploymentPostprocessing = 0;
		};
/* End PBXSourcesBuildPhase section */

/* Begin XCBuildConfiguration section */
		100000000000000000000901 /* Debug */ = {
			isa = XCBuildConfiguration;
			buildSettings = {
				ALWAYS_SEARCH_USER_PATHS = NO;
				CLANG_ANALYZER_NONNULL = YES;
				CLANG_ANALYZER_NUMBER_OBJECT_CONVERSION = YES_AGGRESSIVE;
				CLANG_CXX_LANGUAGE_STANDARD = "gnu++20";
				CLANG_ENABLE_MODULES = YES;
				CLANG_ENABLE_OBJC_ARC = YES;
				CLANG_ENABLE_OBJC_WEAK = YES;
				CLANG_WARN_BLOCK_CAPTURE_AUTORELEASING = YES;
				CLANG_WARN_BOOL_CONVERSION = YES;
				CLANG_WARN_COMMA = YES;
				CLANG_WARN_CONSTANT_CONVERSION = YES;
				CLANG_WARN_DEPRECATED_OBJC_IMPLEMENTATIONS = YES;
				CLANG_WARN_DIRECT_OBJC_ISA_USAGE = YES_ERROR;
				CLANG_WARN_DOCUMENTATION_COMMENTS = YES;
				CLANG_WARN_EMPTY_BODY = YES;
				CLANG_WARN_ENUM_CONVERSION = YES;
				CLANG_WARN_INFINITE_RECURSION = YES;
				CLANG_WARN_INT_CONVERSION = YES;
				CLANG_WARN_NON_LITERAL_NULL_CONVERSION = YES;
				CLANG_WARN_OBJC_IMPLICIT_RETAIN_SELF = YES;
				CLANG_WARN_OBJC_LITERAL_CONVERSION = YES;
				CLANG_WARN_OBJC_ROOT_CLASS = YES_ERROR;
				CLANG_WARN_QUOTED_INCLUDE_IN_FRAMEWORK_HEADER = YES;
				CLANG_WARN_RANGE_LOOP_ANALYSIS = YES;
				CLANG_WARN_STRICT_PROTOTYPES = YES;
				CLANG_WARN_SUSPICIOUS_MOVE = YES;
				CLANG_WARN_UNGUARDED_AVAILABILITY = YES_AGGRESSIVE;
				CLANG_WARN_UNREACHABLE_CODE = YES;
				CLANG_WARN__DUPLICATE_METHOD_MATCH = YES;
				COPY_PHASE_STRIP = NO;
				DEBUG_INFORMATION_FORMAT = dwarf;
				ENABLE_STRICT_OBJC_MSGSEND = YES;
				ENABLE_TESTABILITY = YES;
				ENABLE_USER_SCRIPT_SANDBOXING = YES;
				GCC_C_LANGUAGE_STANDARD = gnu17;
				GCC_DYNAMIC_NO_PIC = NO;
				GCC_NO_COMMON_BLOCKS = YES;
				GCC_OPTIMIZATION_LEVEL = 0;
				GCC_PREPROCESSOR_DEFINITIONS = (
					"DEBUG=1",
					"$(inherited)",
				);
				GCC_WARN_64_TO_32_BIT_CONVERSION = YES;
				GCC_WARN_ABOUT_RETURN_TYPE = YES_ERROR;
				GCC_WARN_UNDECLARED_SELECTOR = YES;
				GCC_WARN_UNINITIALIZED_AUTOS = YES_AGGRESSIVE;
				GCC_WARN_UNUSED_FUNCTION = YES;
				GCC_WARN_UNUSED_VARIABLE = YES;
				IPHONEOS_DEPLOYMENT_TARGET = 17.0;
				MTL_ENABLE_DEBUG_INFO = INCLUDE_SOURCE;
				MTL_FAST_MATH = YES;
				ONLY_ACTIVE_ARCH = YES;
				SWIFT_ACTIVE_COMPILATION_CONDITIONS = DEBUG;
				SWIFT_OPTIMIZATION_LEVEL = "-Onone";
			};
			name = Debug;
		};
		100000000000000000000902 /* Release */ = {
			isa = XCBuildConfiguration;
			buildSettings = {
				ALWAYS_SEARCH_USER_PATHS = NO;
				CLANG_ANALYZER_NONNULL = YES;
				CLANG_ANALYZER_NUMBER_OBJECT_CONVERSION = YES_AGGRESSIVE;
				CLANG_CXX_LANGUAGE_STANDARD = "gnu++20";
				CLANG_ENABLE_MODULES = YES;
				CLANG_ENABLE_OBJC_ARC = YES;
				CLANG_ENABLE_OBJC_WEAK = YES;
				CLANG_WARN_BLOCK_CAPTURE_AUTORELEASING = YES;
				CLANG_WARN_BOOL_CONVERSION = YES;
				CLANG_WARN_COMMA = YES;
				CLANG_WARN_CONSTANT_CONVERSION = YES;
				CLANG_WARN_DEPRECATED_OBJC_IMPLEMENTATIONS = YES;
				CLANG_WARN_DIRECT_OBJC_ISA_USAGE = YES_ERROR;
				CLANG_WARN_DOCUMENTATION_COMMENTS = YES;
				CLANG_WARN_EMPTY_BODY = YES;
				CLANG_WARN_ENUM_CONVERSION = YES;
				CLANG_WARN_INFINITE_RECURSION = YES;
				CLANG_WARN_INT_CONVERSION = YES;
				CLANG_WARN_NON_LITERAL_NULL_CONVERSION = YES;
				CLANG_WARN_OBJC_IMPLICIT_RETAIN_SELF = YES;
				CLANG_WARN_OBJC_LITERAL_CONVERSION = YES;
				CLANG_WARN_OBJC_ROOT_CLASS = YES_ERROR;
				CLANG_WARN_QUOTED_INCLUDE_IN_FRAMEWORK_HEADER = YES;
				CLANG_WARN_RANGE_LOOP_ANALYSIS = YES;
				CLANG_WARN_STRICT_PROTOTYPES = YES;
				CLANG_WARN_SUSPICIOUS_MOVE = YES;
				CLANG_WARN_UNGUARDED_AVAILABILITY = YES_AGGRESSIVE;
				CLANG_WARN_UNREACHABLE_CODE = YES;
				CLANG_WARN__DUPLICATE_METHOD_MATCH = YES;
				COPY_PHASE_STRIP = NO;
				DEBUG_INFORMATION_FORMAT = "dwarf-with-dsym";
				ENABLE_NS_ASSERTIONS = NO;
				ENABLE_STRICT_OBJC_MSGSEND = YES;
				ENABLE_USER_SCRIPT_SANDBOXING = YES;
				GCC_C_LANGUAGE_STANDARD = gnu17;
				GCC_NO_COMMON_BLOCKS = YES;
				GCC_WARN_64_TO_32_BIT_CONVERSION = YES;
				GCC_WARN_ABOUT_RETURN_TYPE = YES_ERROR;
				GCC_WARN_UNDECLARED_SELECTOR = YES;
				GCC_WARN_UNINITIALIZED_AUTOS = YES_AGGRESSIVE;
				GCC_WARN_UNUSED_FUNCTION = YES;
				GCC_WARN_UNUSED_VARIABLE = YES;
				IPHONEOS_DEPLOYMENT_TARGET = 17.0;
				MTL_ENABLE_DEBUG_INFO = NO;
				MTL_FAST_MATH = YES;
				SWIFT_COMPILATION_MODE = wholemodule;
				VALIDATE_PRODUCT = YES;
			};
			name = Release;
		};
		100000000000000000000903 /* Debug */ = {
			isa = XCBuildConfiguration;
			buildSettings = {
				ASSETCATALOG_COMPILER_GLOBAL_ACCENT_COLOR_NAME = AccentColor;
				CODE_SIGN_STYLE = Automatic;
				CURRENT_PROJECT_VERSION = 1;
				DEVELOPMENT_TEAM = 535MQ7U2FY;
				GENERATE_INFOPLIST_FILE = YES;
				INFOPLIST_KEY_CFBundleDisplayName = Handrail;
				INFOPLIST_KEY_LSApplicationCategoryType = "public.app-category.developer-tools";
				INFOPLIST_KEY_NSCameraUsageDescription = "Handrail scans the pairing QR code printed by the desktop CLI.";
				INFOPLIST_KEY_NSLocalNetworkUsageDescription = "Handrail connects to the desktop CLI on your local network.";
				INFOPLIST_KEY_UIApplicationSceneManifest_Generation = YES;
				INFOPLIST_KEY_UIApplicationSupportsIndirectInputEvents = YES;
				INFOPLIST_KEY_UILaunchScreen_Generation = YES;
				INFOPLIST_KEY_UISupportedInterfaceOrientations_iPad = "UIInterfaceOrientationPortrait UIInterfaceOrientationPortraitUpsideDown UIInterfaceOrientationLandscapeLeft UIInterfaceOrientationLandscapeRight";
				INFOPLIST_KEY_UISupportedInterfaceOrientations_iPhone = "UIInterfaceOrientationPortrait UIInterfaceOrientationLandscapeLeft UIInterfaceOrientationLandscapeRight";
				IPHONEOS_DEPLOYMENT_TARGET = 17.0;
				MARKETING_VERSION = 0.1.0;
				PRODUCT_BUNDLE_IDENTIFIER = com.velocityworks.Handrail;
				PRODUCT_NAME = "$(TARGET_NAME)";
				SUPPORTED_PLATFORMS = "iphoneos iphonesimulator";
				SUPPORTS_MACCATALYST = NO;
				SWIFT_EMIT_LOC_STRINGS = YES;
				SWIFT_VERSION = 5.0;
				TARGETED_DEVICE_FAMILY = "1,2";
			};
			name = Debug;
		};
		100000000000000000000904 /* Release */ = {
			isa = XCBuildConfiguration;
			buildSettings = {
				ASSETCATALOG_COMPILER_GLOBAL_ACCENT_COLOR_NAME = AccentColor;
				CODE_SIGN_STYLE = Automatic;
				CURRENT_PROJECT_VERSION = 1;
				DEVELOPMENT_TEAM = 535MQ7U2FY;
				GENERATE_INFOPLIST_FILE = YES;
				INFOPLIST_KEY_CFBundleDisplayName = Handrail;
				INFOPLIST_KEY_LSApplicationCategoryType = "public.app-category.developer-tools";
				INFOPLIST_KEY_NSCameraUsageDescription = "Handrail scans the pairing QR code printed by the desktop CLI.";
				INFOPLIST_KEY_NSLocalNetworkUsageDescription = "Handrail connects to the desktop CLI on your local network.";
				INFOPLIST_KEY_UIApplicationSceneManifest_Generation = YES;
				INFOPLIST_KEY_UIApplicationSupportsIndirectInputEvents = YES;
				INFOPLIST_KEY_UILaunchScreen_Generation = YES;
				INFOPLIST_KEY_UISupportedInterfaceOrientations_iPad = "UIInterfaceOrientationPortrait UIInterfaceOrientationPortraitUpsideDown UIInterfaceOrientationLandscapeLeft UIInterfaceOrientationLandscapeRight";
				INFOPLIST_KEY_UISupportedInterfaceOrientations_iPhone = "UIInterfaceOrientationPortrait UIInterfaceOrientationLandscapeLeft UIInterfaceOrientationLandscapeRight";
				IPHONEOS_DEPLOYMENT_TARGET = 17.0;
				MARKETING_VERSION = 0.1.0;
				PRODUCT_BUNDLE_IDENTIFIER = com.velocityworks.Handrail;
				PRODUCT_NAME = "$(TARGET_NAME)";
				SUPPORTED_PLATFORMS = "iphoneos iphonesimulator";
				SUPPORTS_MACCATALYST = NO;
				SWIFT_EMIT_LOC_STRINGS = YES;
				SWIFT_VERSION = 5.0;
				TARGETED_DEVICE_FAMILY = "1,2";
			};
			name = Release;
		};
/* End XCBuildConfiguration section */

/* Begin XCConfigurationList section */
		100000000000000000000801 /* Build configuration list for PBXNativeTarget "Handrail" */ = {
			isa = XCConfigurationList;
			buildConfigurations = (
				100000000000000000000903 /* Debug */,
				100000000000000000000904 /* Release */,
			);
			defaultConfigurationIsVisible = 0;
			defaultConfigurationName = Release;
		};
		100000000000000000000802 /* Build configuration list for PBXProject "Handrail" */ = {
			isa = XCConfigurationList;
			buildConfigurations = (
				100000000000000000000901 /* Debug */,
				100000000000000000000902 /* Release */,
			);
			defaultConfigurationIsVisible = 0;
			defaultConfigurationName = Release;
		};
/* End XCConfigurationList section */
	};
	rootObject = 100000000000000000000701 /* Project object */;
}
